{
  "name": "agent-kit-unity",
  "version": "0.1.1-beta.4",
  "lockfileVersion": 3,
  "requires": true,
  "packages": {
    "": {
      "name": "agent-kit-unity",
      "version": "0.1.1-beta.4",
      "license": "MIT",
      "bin": {
        "aku-ship-omp": "scripts/ship-omp.cjs"
      },
      "engines": {
        "node": ">=18.0.0"
      }
    }
  }
}
